<?xml version="1.0" encoding="utf-8"?>
<Project ToolsVersion="4.0" xmlns="http://schemas.microsoft.com/developer/msbuild/2003">
  <ItemGroup>
    <Filter Include="TestCase">
      <UniqueIdentifier>{c88eb056-79d9-40cf-a8ad-5b6e7d8218df}</UniqueIdentifier>
    </Filter>
    <Filter Include="Source">
      <UniqueIdentifier>{fdf5c564-e41a-4469-af41-85a1ecf9e668}</UniqueIdentifier>
    </Filter>
  </ItemGroup>
  <ItemGroup>
    <ClCompile Include="..\testcase\CExampleTest.cpp">
      <Filter>TestCase</Filter>
    </ClCompile>
    <ClCompile Include="..\source\OJ.cpp">
      <Filter>Source</Filter>
    </ClCompile>
    <ClCompile Include="main.cpp" />
  </ItemGroup>
  <ItemGroup>
    <ClInclude Include="..\testcase\CExampleTest.h">
      <Filter>TestCase</Filter>
    </ClInclude>
    <ClInclude Include="..\source\OJ.h">
      <Filter>Source</Filter>
    </ClInclude>
  </ItemGroup>
</Project>